
Microsoft Visual Studio Solution File, Format Version 12.00
# Visual Studio 15
VisualStudioVersion = 15.0.27428.2011
MinimumVisualStudioVersion = 10.0.40219.1
Project("{FAE04EC0-301F-11D3-BF4B-00C04F79EFBC}") = "MyRawClient", "MyRawClient\MyRawClient.csproj", "{AEAC3B86-FA3C-4773-AB9E-C186D7934A79}"
EndProject
Project("{FAE04EC0-301F-11D3-BF4B-00C04F79EFBC}") = "MyRawClientTest", "MyRawClientTest\MyRawClientTest.csproj", "{8B225CC9-652D-429E-88D3-24DAC5802535}"
EndProject
Global
	GlobalSection(SolutionConfigurationPlatforms) = preSolution
		Debug|Any CPU = Debug|Any CPU
		Release|Any CPU = Release|Any CPU
		ReleaseNET40_Only|Any CPU = ReleaseNET40_Only|Any CPU
	EndGlobalSection
	GlobalSection(ProjectConfigurationPlatforms) = postSolution
		{AEAC3B86-FA3C-4773-AB9E-C186D7934A79}.Debug|Any CPU.ActiveCfg = Debug|Any CPU
		{AEAC3B86-FA3C-4773-AB9E-C186D7934A79}.Debug|Any CPU.Build.0 = Debug|Any CPU
		{AEAC3B86-FA3C-4773-AB9E-C186D7934A79}.Release|Any CPU.ActiveCfg = Release|Any CPU
		{AEAC3B86-FA3C-4773-AB9E-C186D7934A79}.Release|Any CPU.Build.0 = Release|Any CPU
		{AEAC3B86-FA3C-4773-AB9E-C186D7934A79}.ReleaseNET40_Only|Any CPU.ActiveCfg = Release|Any CPU
		{AEAC3B86-FA3C-4773-AB9E-C186D7934A79}.ReleaseNET40_Only|Any CPU.Build.0 = Release|Any CPU
		{8B225CC9-652D-429E-88D3-24DAC5802535}.Debug|Any CPU.ActiveCfg = Debug|Any CPU
		{8B225CC9-652D-429E-88D3-24DAC5802535}.Debug|Any CPU.Build.0 = Debug|Any CPU
		{8B225CC9-652D-429E-88D3-24DAC5802535}.Release|Any CPU.ActiveCfg = Release|Any CPU
		{8B225CC9-652D-429E-88D3-24DAC5802535}.Release|Any CPU.Build.0 = Release|Any CPU
		{8B225CC9-652D-429E-88D3-24DAC5802535}.ReleaseNET40_Only|Any CPU.ActiveCfg = Release|Any CPU
		{8B225CC9-652D-429E-88D3-24DAC5802535}.ReleaseNET40_Only|Any CPU.Build.0 = Release|Any CPU
	EndGlobalSection
	GlobalSection(SolutionProperties) = preSolution
		HideSolutionNode = FALSE
	EndGlobalSection
	GlobalSection(ExtensibilityGlobals) = postSolution
		SolutionGuid = {09621686-D633-42C6-A9EB-CAFBADC301B1}
	EndGlobalSection
EndGlobal
